
Microsoft Visual Studio Solution File, Format Version 12.00
# Visual Studio 15
Project("{FAE04EC0-301F-11D3-BF4B-00C04F79EFBC}") = "ZombieFPS", "Assembly-CSharp-firstpass.csproj", "{67F40AE6-AE04-01E0-F1C6-4D0FDA4D6C88}"
EndProject
Project("{FAE04EC0-301F-11D3-BF4B-00C04F79EFBC}") = "ZombieFPS", "Assembly-CSharp.csproj", "{5EC1C1DC-1FBF-ABE0-727B-91ED31445F82}"
EndProject
Project("{FAE04EC0-301F-11D3-BF4B-00C04F79EFBC}") = "ZombieFPS", "Assembly-CSharp-Editor-firstpass.csproj", "{66C68FDE-4B28-C3FD-7C8F-EC79E7741A8D}"
EndProject
Global
	GlobalSection(SolutionConfigurationPlatforms) = preSolution
		Debug|Any CPU = Debug|Any CPU
		Release|Any CPU = Release|Any CPU
	EndGlobalSection
	GlobalSection(ProjectConfigurationPlatforms) = postSolution
		{67F40AE6-AE04-01E0-F1C6-4D0FDA4D6C88}.Debug|Any CPU.ActiveCfg = Debug|Any CPU
		{67F40AE6-AE04-01E0-F1C6-4D0FDA4D6C88}.Debug|Any CPU.Build.0 = Debug|Any CPU
		{67F40AE6-AE04-01E0-F1C6-4D0FDA4D6C88}.Release|Any CPU.ActiveCfg = Release|Any CPU
		{67F40AE6-AE04-01E0-F1C6-4D0FDA4D6C88}.Release|Any CPU.Build.0 = Release|Any CPU
		{5EC1C1DC-1FBF-ABE0-727B-91ED31445F82}.Debug|Any CPU.ActiveCfg = Debug|Any CPU
		{5EC1C1DC-1FBF-ABE0-727B-91ED31445F82}.Debug|Any CPU.Build.0 = Debug|Any CPU
		{5EC1C1DC-1FBF-ABE0-727B-91ED31445F82}.Release|Any CPU.ActiveCfg = Release|Any CPU
		{5EC1C1DC-1FBF-ABE0-727B-91ED31445F82}.Release|Any CPU.Build.0 = Release|Any CPU
		{66C68FDE-4B28-C3FD-7C8F-EC79E7741A8D}.Debug|Any CPU.ActiveCfg = Debug|Any CPU
		{66C68FDE-4B28-C3FD-7C8F-EC79E7741A8D}.Debug|Any CPU.Build.0 = Debug|Any CPU
		{66C68FDE-4B28-C3FD-7C8F-EC79E7741A8D}.Release|Any CPU.ActiveCfg = Release|Any CPU
		{66C68FDE-4B28-C3FD-7C8F-EC79E7741A8D}.Release|Any CPU.Build.0 = Release|Any CPU
	EndGlobalSection
	GlobalSection(SolutionProperties) = preSolution
		HideSolutionNode = FALSE
	EndGlobalSection
EndGlobal
